// !$*UTF8*$!
{
	archiveVersion = 1;
	classes = {
	};
	objectVersion = 46;
	objects = {

/* Begin PBXBuildFile section */
		3045F8071F95B13B008D654D /* AppDelegate.swift in Sources */ = {isa = PBXBuildFile; fileRef = 3045F8061F95B13B008D654D /* AppDelegate.swift */; };
		3045F8091F95B13B008D654D /* ViewController.swift in Sources */ = {isa = PBXBuildFile; fileRef = 3045F8081F95B13B008D654D /* ViewController.swift */; };
		3045F80C1F95B13B008D654D /* Main.storyboard in Resources */ = {isa = PBXBuildFile; fileRef = 3045F80A1F95B13B008D654D /* Main.storyboard */; };
		3045F80E1F95B13B008D654D /* Assets.xcassets in Resources */ = {isa = PBXBuildFile; fileRef = 3045F80D1F95B13B008D654D /* Assets.xcassets */; };
		3045F8111F95B13B008D654D /* LaunchScreen.storyboard in Resources */ = {isa = PBXBuildFile; fileRef = 3045F80F1F95B13B008D654D /* LaunchScreen.storyboard */; };
		3045F81C1F95B13B008D654D /* _th_of_30__Oct_17___Scroll_ImageTests.swift in Sources */ = {isa = PBXBuildFile; fileRef = 3045F81B1F95B13B008D654D /* _th_of_30__Oct_17___Scroll_ImageTests.swift */; };
/* End PBXBuildFile section */

/* Begin PBXContainerItemProxy section */
		3045F8181F95B13B008D654D /* PBXContainerItemProxy */ = {
			isa = PBXContainerItemProxy;
			containerPortal = 3045F7FB1F95B13B008D654D /* Project object */;
			proxyType = 1;
			remoteGlobalIDString = 3045F8021F95B13B008D654D;
			remoteInfo = "6th of 30: Oct 17 - Scroll Image";
		};
/* End PBXContainerItemProxy section */

/* Begin PBXFileReference section */
		3045F8031F95B13B008D654D /* Scroll Image.app */ = {isa = PBXFileReference; explicitFileType = wrapper.application; includeInIndex = 0; path = "Scroll Image.app"; sourceTree = BUILT_PRODUCTS_DIR; };
		3045F8061F95B13B008D654D /* AppDelegate.swift */ = {isa = PBXFileReference; lastKnownFileType = sourcecode.swift; path = AppDelegate.swift; sourceTree = "<group>"; };
		3045F8081F95B13B008D654D /* ViewController.swift */ = {isa = PBXFileReference; lastKnownFileType = sourcecode.swift; path = ViewController.swift; sourceTree = "<group>"; };
		3045F80B1F95B13B008D654D /* Base */ = {isa = PBXFileReference; lastKnownFileType = file.storyboard; name = Base; path = Base.lproj/Main.storyboard; sourceTree = "<group>"; };
		3045F80D1F95B13B008D654D /* Assets.xcassets */ = {isa = PBXFileReference; lastKnownFileType = folder.assetcatalog; path = Assets.xcassets; sourceTree = "<group>"; };
		3045F8101F95B13B008D654D /* Base */ = {isa = PBXFileReference; lastKnownFileType = file.storyboard; name = Base; path = Base.lproj/LaunchScreen.storyboard; sourceTree = "<group>"; };
		3045F8121F95B13B008D654D /* Info.plist */ = {isa = PBXFileReference; lastKnownFileType = text.plist.xml; path = Info.plist; sourceTree = "<group>"; };
		3045F8171F95B13B008D654D /* Scroll ImageTests.xctest */ = {isa = PBXFileReference; explicitFileType = wrapper.cfbundle; includeInIndex = 0; path = "Scroll ImageTests.xctest"; sourceTree = BUILT_PRODUCTS_DIR; };
		3045F81B1F95B13B008D654D /* _th_of_30__Oct_17___Scroll_ImageTests.swift */ = {isa = PBXFileReference; lastKnownFileType = sourcecode.swift; path = "_th_of_30__Oct_17___Scroll_ImageTests.swift"; sourceTree = "<group>"; };
		3045F81D1F95B13B008D654D /* Info.plist */ = {isa = PBXFileReference; lastKnownFileType = text.plist.xml; path = Info.plist; sourceTree = "<group>"; };
/* End PBXFileReference section */

/* Begin PBXFrameworksBuildPhase section */
		3045F8001F95B13B008D654D /* Frameworks */ = {
			isa = PBXFrameworksBuildPhase;
			buildActionMask = 2147483647;
			files = (
			);
			runOnlyForDeploymentPostprocessing = 0;
		};
		3045F8141F95B13B008D654D /* Frameworks */ = {
			isa = PBXFrameworksBuildPhase;
			buildActionMask = 2147483647;
			files = (
			);
			runOnlyForDeploymentPostprocessing = 0;
		};
/* End PBXFrameworksBuildPhase section */

/* Begin PBXGroup section */
		3045F7FA1F95B13B008D654D = {
			isa = PBXGroup;
			children = (
				3045F8051F95B13B008D654D /* Scroll Image */,
				3045F81A1F95B13B008D654D /* Scroll ImageTests */,
				3045F8041F95B13B008D654D /* Products */,
			);
			sourceTree = "<group>";
		};
		3045F8041F95B13B008D654D /* Products */ = {
			isa = PBXGroup;
			children = (
				3045F8031F95B13B008D654D /* Scroll Image.app */,
				3045F8171F95B13B008D654D /* Scroll ImageTests.xctest */,
			);
			name = Products;
			sourceTree = "<group>";
		};
		3045F8051F95B13B008D654D /* Scroll Image */ = {
			isa = PBXGroup;
			children = (
				3045F8061F95B13B008D654D /* AppDelegate.swift */,
				3045F8081F95B13B008D654D /* ViewController.swift */,
				3045F80A1F95B13B008D654D /* Main.storyboard */,
				3045F80D1F95B13B008D654D /* Assets.xcassets */,
				3045F80F1F95B13B008D654D /* LaunchScreen.storyboard */,
				3045F8121F95B13B008D654D /* Info.plist */,
			);
			path = "Scroll Image";
			sourceTree = "<group>";
		};
		3045F81A1F95B13B008D654D /* Scroll ImageTests */ = {
			isa = PBXGroup;
			children = (
				3045F81B1F95B13B008D654D /* _th_of_30__Oct_17___Scroll_ImageTests.swift */,
				3045F81D1F95B13B008D654D /* Info.plist */,
			);
			path = "Scroll ImageTests";
			sourceTree = "<group>";
		};
/* End PBXGroup section */

/* Begin PBXNativeTarget section */
		3045F8021F95B13B008D654D /* Scroll Image */ = {
			isa = PBXNativeTarget;
			buildConfigurationList = 3045F8201F95B13B008D654D /* Build configuration list for PBXNativeTarget "Scroll Image" */;
			buildPhases = (
				3045F7FF1F95B13B008D654D /* Sources */,
				3045F8001F95B13B008D654D /* Frameworks */,
				3045F8011F95B13B008D654D /* Resources */,
			);
			buildRules = (
			);
			dependencies = (
			);
			name = "Scroll Image";
			productName = "6th of 30: Oct 17 - Scroll Image";
			productReference = 3045F8031F95B13B008D654D /* Scroll Image.app */;
			productType = "com.apple.product-type.application";
		};
		3045F8161F95B13B008D654D /* Scroll ImageTests */ = {
			isa = PBXNativeTarget;
			buildConfigurationList = 3045F8231F95B13B008D654D /* Build configuration list for PBXNativeTarget "Scroll ImageTests" */;
			buildPhases = (
				3045F8131F95B13B008D654D /* Sources */,
				3045F8141F95B13B008D654D /* Frameworks */,
				3045F8151F95B13B008D654D /* Resources */,
			);
			buildRules = (
			);
			dependencies = (
				3045F8191F95B13B008D654D /* PBXTargetDependency */,
			);
			name = "Scroll ImageTests";
			productName = "6th of 30: Oct 17 - Scroll ImageTests";
			productReference = 3045F8171F95B13B008D654D /* Scroll ImageTests.xctest */;
			productType = "com.apple.product-type.bundle.unit-test";
		};
/* End PBXNativeTarget section */

/* Begin PBXProject section */
		3045F7FB1F95B13B008D654D /* Project object */ = {
			isa = PBXProject;
			attributes = {
				LastSwiftUpdateCheck = 0810;
				LastUpgradeCheck = 0810;
				ORGANIZATIONNAME = null;
				TargetAttributes = {
					3045F8021F95B13B008D654D = {
						CreatedOnToolsVersion = 8.1;
						ProvisioningStyle = Automatic;
					};
					3045F8161F95B13B008D654D = {
						CreatedOnToolsVersion = 8.1;
						ProvisioningStyle = Automatic;
						TestTargetID = 3045F8021F95B13B008D654D;
					};
				};
			};
			buildConfigurationList = 3045F7FE1F95B13B008D654D /* Build configuration list for PBXProject "Scroll Image" */;
			compatibilityVersion = "Xcode 3.2";
			developmentRegion = English;
			hasScannedForEncodings = 0;
			knownRegions = (
				en,
				Base,
			);
			mainGroup = 3045F7FA1F95B13B008D654D;
			productRefGroup = 3045F8041F95B13B008D654D /* Products */;
			projectDirPath = "";
			projectRoot = "";
			targets = (
				3045F8021F95B13B008D654D /* Scroll Image */,
				3045F8161F95B13B008D654D /* Scroll ImageTests */,
			);
		};
/* End PBXProject section */

/* Begin PBXResourcesBuildPhase section */
		3045F8011F95B13B008D654D /* Resources */ = {
			isa = PBXResourcesBuildPhase;
			buildActionMask = 2147483647;
			files = (
				3045F8111F95B13B008D654D /* LaunchScreen.storyboard in Resources */,
				3045F80E1F95B13B008D654D /* Assets.xcassets in Resources */,
				3045F80C1F95B13B008D654D /* Main.storyboard in Resources */,
			);
			runOnlyForDeploymentPostprocessing = 0;
		};
		3045F8151F95B13B008D654D /* Resources */ = {
			isa = PBXResourcesBuildPhase;
			buildActionMask = 2147483647;
			files = (
			);
			runOnlyForDeploymentPostprocessing = 0;
		};
/* End PBXResourcesBuildPhase section */

/* Begin PBXSourcesBuildPhase section */
		3045F7FF1F95B13B008D654D /* Sources */ = {
			isa = PBXSourcesBuildPhase;
			buildActionMask = 2147483647;
			files = (
				3045F8091F95B13B008D654D /* ViewController.swift in Sources */,
				3045F8071F95B13B008D654D /* AppDelegate.swift in Sources */,
			);
			runOnlyForDeploymentPostprocessing = 0;
		};
		3045F8131F95B13B008D654D /* Sources */ = {
			isa = PBXSourcesBuildPhase;
			buildActionMask = 2147483647;
			files = (
				3045F81C1F95B13B008D654D /* _th_of_30__Oct_17___Scroll_ImageTests.swift in Sources */,
			);
			runOnlyForDeploymentPostprocessing = 0;
		};
/* End PBXSourcesBuildPhase section */

/* Begin PBXTargetDependency section */
		3045F8191F95B13B008D654D /* PBXTargetDependency */ = {
			isa = PBXTargetDependency;
			target = 3045F8021F95B13B008D654D /* Scroll Image */;
			targetProxy = 3045F8181F95B13B008D654D /* PBXContainerItemProxy */;
		};
/* End PBXTargetDependency section */

/* Begin PBXVariantGroup section */
		3045F80A1F95B13B008D654D /* Main.storyboard */ = {
			isa = PBXVariantGroup;
			children = (
				3045F80B1F95B13B008D654D /* Base */,
			);
			name = Main.storyboard;
			sourceTree = "<group>";
		};
		3045F80F1F95B13B008D654D /* LaunchScreen.storyboard */ = {
			isa = PBXVariantGroup;
			children = (
				3045F8101F95B13B008D654D /* Base */,
			);
			name = LaunchScreen.storyboard;
			sourceTree = "<group>";
		};
/* End PBXVariantGroup section */

/* Begin XCBuildConfiguration section */
		3045F81E1F95B13B008D654D /* Debug */ = {
			isa = XCBuildConfiguration;
			buildSettings = {
				ALWAYS_SEARCH_USER_PATHS = NO;
				CLANG_ANALYZER_NONNULL = YES;
				CLANG_CXX_LANGUAGE_STANDARD = "gnu++0x";
				CLANG_CXX_LIBRARY = "libc++";
				CLANG_ENABLE_MODULES = YES;
				CLANG_ENABLE_OBJC_ARC = YES;
				CLANG_WARN_BOOL_CONVERSION = YES;
				CLANG_WARN_CONSTANT_CONVERSION = YES;
				CLANG_WARN_DIRECT_OBJC_ISA_USAGE = YES_ERROR;
				CLANG_WARN_DOCUMENTATION_COMMENTS = YES;
				CLANG_WARN_EMPTY_BODY = YES;
				CLANG_WARN_ENUM_CONVERSION = YES;
				CLANG_WARN_INFINITE_RECURSION = YES;
				CLANG_WARN_INT_CONVERSION = YES;
				CLANG_WARN_OBJC_ROOT_CLASS = YES_ERROR;
				CLANG_WARN_SUSPICIOUS_MOVES = YES;
				CLANG_WARN_UNREACHABLE_CODE = YES;
				CLANG_WARN__DUPLICATE_METHOD_MATCH = YES;
				"CODE_SIGN_IDENTITY[sdk=iphoneos*]" = "iPhone Developer";
				COPY_PHASE_STRIP = NO;
				DEBUG_INFORMATION_FORMAT = dwarf;
				ENABLE_STRICT_OBJC_MSGSEND = YES;
				ENABLE_TESTABILITY = YES;
				GCC_C_LANGUAGE_STANDARD = gnu99;
				GCC_DYNAMIC_NO_PIC = NO;
				GCC_NO_COMMON_BLOCKS = YES;
				GCC_OPTIMIZATION_LEVEL = 0;
				GCC_PREPROCESSOR_DEFINITIONS = (
					"DEBUG=1",
					"$(inherited)",
				);
				GCC_WARN_64_TO_32_BIT_CONVERSION = YES;
				GCC_WARN_ABOUT_RETURN_TYPE = YES_ERROR;
				GCC_WARN_UNDECLARED_SELECTOR = YES;
				GCC_WARN_UNINITIALIZED_AUTOS = YES_AGGRESSIVE;
				GCC_WARN_UNUSED_FUNCTION = YES;
				GCC_WARN_UNUSED_VARIABLE = YES;
				IPHONEOS_DEPLOYMENT_TARGET = 10.1;
				MTL_ENABLE_DEBUG_INFO = YES;
				ONLY_ACTIVE_ARCH = YES;
				SDKROOT = iphoneos;
				SWIFT_ACTIVE_COMPILATION_CONDITIONS = DEBUG;
				SWIFT_OPTIMIZATION_LEVEL = "-Onone";
				TARGETED_DEVICE_FAMILY = "1,2";
			};
			name = Debug;
		};
		3045F81F1F95B13B008D654D /* Release */ = {
			isa = XCBuildConfiguration;
			buildSettings = {
				ALWAYS_SEARCH_USER_PATHS = NO;
				CLANG_ANALYZER_NONNULL = YES;
				CLANG_CXX_LANGUAGE_STANDARD = "gnu++0x";
				CLANG_CXX_LIBRARY = "libc++";
				CLANG_ENABLE_MODULES = YES;
				CLANG_ENABLE_OBJC_ARC = YES;
				CLANG_WARN_BOOL_CONVERSION = YES;
				CLANG_WARN_CONSTANT_CONVERSION = YES;
				CLANG_WARN_DIRECT_OBJC_ISA_USAGE = YES_ERROR;
				CLANG_WARN_DOCUMENTATION_COMMENTS = YES;
				CLANG_WARN_EMPTY_BODY = YES;
				CLANG_WARN_ENUM_CONVERSION = YES;
				CLANG_WARN_INFINITE_RECURSION = YES;
				CLANG_WARN_INT_CONVERSION = YES;
				CLANG_WARN_OBJC_ROOT_CLASS = YES_ERROR;
				CLANG_WARN_SUSPICIOUS_MOVES = YES;
				CLANG_WARN_UNREACHABLE_CODE = YES;
				CLANG_WARN__DUPLICATE_METHOD_MATCH = YES;
				"CODE_SIGN_IDENTITY[sdk=iphoneos*]" = "iPhone Developer";
				COPY_PHASE_STRIP = NO;
				DEBUG_INFORMATION_FORMAT = "dwarf-with-dsym";
				ENABLE_NS_ASSERTIONS = NO;
				ENABLE_STRICT_OBJC_MSGSEND = YES;
				GCC_C_LANGUAGE_STANDARD = gnu99;
				GCC_NO_COMMON_BLOCKS = YES;
				GCC_WARN_64_TO_32_BIT_CONVERSION = YES;
				GCC_WARN_ABOUT_RETURN_TYPE = YES_ERROR;
				GCC_WARN_UNDECLARED_SELECTOR = YES;
				GCC_WARN_UNINITIALIZED_AUTOS = YES_AGGRESSIVE;
				GCC_WARN_UNUSED_FUNCTION = YES;
				GCC_WARN_UNUSED_VARIABLE = YES;
				IPHONEOS_DEPLOYMENT_TARGET = 10.1;
				MTL_ENABLE_DEBUG_INFO = NO;
				SDKROOT = iphoneos;
				SWIFT_OPTIMIZATION_LEVEL = "-Owholemodule";
				TARGETED_DEVICE_FAMILY = "1,2";
				VALIDATE_PRODUCT = YES;
			};
			name = Release;
		};
		3045F8211F95B13B008D654D /* Debug */ = {
			isa = XCBuildConfiguration;
			buildSettings = {
				ASSETCATALOG_COMPILER_APPICON_NAME = AppIcon;
				INFOPLIST_FILE = "Scroll Image/Info.plist";
				LD_RUNPATH_SEARCH_PATHS = "$(inherited) @executable_path/Frameworks";
				PRODUCT_BUNDLE_IDENTIFIER = "Scroll-Image";
				PRODUCT_NAME = "$(TARGET_NAME)";
				SWIFT_VERSION = 3.0;
			};
			name = Debug;
		};
		3045F8221F95B13B008D654D /* Release */ = {
			isa = XCBuildConfiguration;
			buildSettings = {
				ASSETCATALOG_COMPILER_APPICON_NAME = AppIcon;
				INFOPLIST_FILE = "Scroll Image/Info.plist";
				LD_RUNPATH_SEARCH_PATHS = "$(inherited) @executable_path/Frameworks";
				PRODUCT_BUNDLE_IDENTIFIER = "Scroll-Image";
				PRODUCT_NAME = "$(TARGET_NAME)";
				SWIFT_VERSION = 3.0;
			};
			name = Release;
		};
		3045F8241F95B13B008D654D /* Debug */ = {
			isa = XCBuildConfiguration;
			buildSettings = {
				ALWAYS_EMBED_SWIFT_STANDARD_LIBRARIES = YES;
				BUNDLE_LOADER = "$(TEST_HOST)";
				INFOPLIST_FILE = "6th of 30: Oct 17 - Scroll ImageTests/Info.plist";
				LD_RUNPATH_SEARCH_PATHS = "$(inherited) @executable_path/Frameworks @loader_path/Frameworks";
				PRODUCT_BUNDLE_IDENTIFIER = "com.example.-th-of-30--Oct-17---Scroll-ImageTests";
				PRODUCT_NAME = "$(TARGET_NAME)";
				SWIFT_VERSION = 3.0;
				TEST_HOST = "$(BUILT_PRODUCTS_DIR)/Scroll Image.app/Scroll Image";
			};
			name = Debug;
		};
		3045F8251F95B13B008D654D /* Release */ = {
			isa = XCBuildConfiguration;
			buildSettings = {
				ALWAYS_EMBED_SWIFT_STANDARD_LIBRARIES = YES;
				BUNDLE_LOADER = "$(TEST_HOST)";
				INFOPLIST_FILE = "6th of 30: Oct 17 - Scroll ImageTests/Info.plist";
				LD_RUNPATH_SEARCH_PATHS = "$(inherited) @executable_path/Frameworks @loader_path/Frameworks";
				PRODUCT_BUNDLE_IDENTIFIER = "com.example.-th-of-30--Oct-17---Scroll-ImageTests";
				PRODUCT_NAME = "$(TARGET_NAME)";
				SWIFT_VERSION = 3.0;
				TEST_HOST = "$(BUILT_PRODUCTS_DIR)/Scroll Image.app/Scroll Image";
			};
			name = Release;
		};
/* End XCBuildConfiguration section */

/* Begin XCConfigurationList section */
		3045F7FE1F95B13B008D654D /* Build configuration list for PBXProject "Scroll Image" */ = {
			isa = XCConfigurationList;
			buildConfigurations = (
				3045F81E1F95B13B008D654D /* Debug */,
				3045F81F1F95B13B008D654D /* Release */,
			);
			defaultConfigurationIsVisible = 0;
			defaultConfigurationName = Release;
		};
		3045F8201F95B13B008D654D /* Build configuration list for PBXNativeTarget "Scroll Image" */ = {
			isa = XCConfigurationList;
			buildConfigurations = (
				3045F8211F95B13B008D654D /* Debug */,
				3045F8221F95B13B008D654D /* Release */,
			);
			defaultConfigurationIsVisible = 0;
			defaultConfigurationName = Release;
		};
		3045F8231F95B13B008D654D /* Build configuration list for PBXNativeTarget "Scroll ImageTests" */ = {
			isa = XCConfigurationList;
			buildConfigurations = (
				3045F8241F95B13B008D654D /* Debug */,
				3045F8251F95B13B008D654D /* Release */,
			);
			defaultConfigurationIsVisible = 0;
			defaultConfigurationName = Release;
		};
/* End XCConfigurationList section */
	};
	rootObject = 3045F7FB1F95B13B008D654D /* Project object */;
}
