// !$*UTF8*$!
{
	archiveVersion = 1;
	classes = {
	};
	objectVersion = 46;
	objects = {

/* Begin PBXBuildFile section */
		3074B13A1FA801DD0046B6C7 /* AppDelegate.swift in Sources */ = {isa = PBXBuildFile; fileRef = 3074B1391FA801DD0046B6C7 /* AppDelegate.swift */; };
		3074B13C1FA801DD0046B6C7 /* ViewController.swift in Sources */ = {isa = PBXBuildFile; fileRef = 3074B13B1FA801DD0046B6C7 /* ViewController.swift */; };
		3074B13F1FA801DD0046B6C7 /* Main.storyboard in Resources */ = {isa = PBXBuildFile; fileRef = 3074B13D1FA801DD0046B6C7 /* Main.storyboard */; };
		3074B1411FA801DD0046B6C7 /* Assets.xcassets in Resources */ = {isa = PBXBuildFile; fileRef = 3074B1401FA801DD0046B6C7 /* Assets.xcassets */; };
		3074B1441FA801DD0046B6C7 /* LaunchScreen.storyboard in Resources */ = {isa = PBXBuildFile; fileRef = 3074B1421FA801DD0046B6C7 /* LaunchScreen.storyboard */; };
		3074B14F1FA801DD0046B6C7 /* _th_of_30__Oct_31___AnimateTableTests.swift in Sources */ = {isa = PBXBuildFile; fileRef = 3074B14E1FA801DD0046B6C7 /* _th_of_30__Oct_31___AnimateTableTests.swift */; };
		3074B15A1FA801DD0046B6C7 /* _th_of_30__Oct_31___AnimateTableUITests.swift in Sources */ = {isa = PBXBuildFile; fileRef = 3074B1591FA801DD0046B6C7 /* _th_of_30__Oct_31___AnimateTableUITests.swift */; };
		3074B1681FA809910046B6C7 /* AnimateTableVC.swift in Sources */ = {isa = PBXBuildFile; fileRef = 3074B1671FA809910046B6C7 /* AnimateTableVC.swift */; };
/* End PBXBuildFile section */

/* Begin PBXContainerItemProxy section */
		3074B14B1FA801DD0046B6C7 /* PBXContainerItemProxy */ = {
			isa = PBXContainerItemProxy;
			containerPortal = 3074B12E1FA801DD0046B6C7 /* Project object */;
			proxyType = 1;
			remoteGlobalIDString = 3074B1351FA801DD0046B6C7;
			remoteInfo = "9th of 30: Oct 31 - AnimateTable";
		};
		3074B1561FA801DD0046B6C7 /* PBXContainerItemProxy */ = {
			isa = PBXContainerItemProxy;
			containerPortal = 3074B12E1FA801DD0046B6C7 /* Project object */;
			proxyType = 1;
			remoteGlobalIDString = 3074B1351FA801DD0046B6C7;
			remoteInfo = "9th of 30: Oct 31 - AnimateTable";
		};
/* End PBXContainerItemProxy section */

/* Begin PBXFileReference section */
		3074B1361FA801DD0046B6C7 /* AnimateTable.app */ = {isa = PBXFileReference; explicitFileType = wrapper.application; includeInIndex = 0; path = AnimateTable.app; sourceTree = BUILT_PRODUCTS_DIR; };
		3074B1391FA801DD0046B6C7 /* AppDelegate.swift */ = {isa = PBXFileReference; lastKnownFileType = sourcecode.swift; path = AppDelegate.swift; sourceTree = "<group>"; };
		3074B13B1FA801DD0046B6C7 /* ViewController.swift */ = {isa = PBXFileReference; lastKnownFileType = sourcecode.swift; path = ViewController.swift; sourceTree = "<group>"; };
		3074B13E1FA801DD0046B6C7 /* Base */ = {isa = PBXFileReference; lastKnownFileType = file.storyboard; name = Base; path = Base.lproj/Main.storyboard; sourceTree = "<group>"; };
		3074B1401FA801DD0046B6C7 /* Assets.xcassets */ = {isa = PBXFileReference; lastKnownFileType = folder.assetcatalog; path = Assets.xcassets; sourceTree = "<group>"; };
		3074B1431FA801DD0046B6C7 /* Base */ = {isa = PBXFileReference; lastKnownFileType = file.storyboard; name = Base; path = Base.lproj/LaunchScreen.storyboard; sourceTree = "<group>"; };
		3074B1451FA801DD0046B6C7 /* Info.plist */ = {isa = PBXFileReference; lastKnownFileType = text.plist.xml; path = Info.plist; sourceTree = "<group>"; };
		3074B14A1FA801DD0046B6C7 /* AnimateTableTests.xctest */ = {isa = PBXFileReference; explicitFileType = wrapper.cfbundle; includeInIndex = 0; path = AnimateTableTests.xctest; sourceTree = BUILT_PRODUCTS_DIR; };
		3074B14E1FA801DD0046B6C7 /* _th_of_30__Oct_31___AnimateTableTests.swift */ = {isa = PBXFileReference; lastKnownFileType = sourcecode.swift; path = "_th_of_30__Oct_31___AnimateTableTests.swift"; sourceTree = "<group>"; };
		3074B1501FA801DD0046B6C7 /* Info.plist */ = {isa = PBXFileReference; lastKnownFileType = text.plist.xml; path = Info.plist; sourceTree = "<group>"; };
		3074B1551FA801DD0046B6C7 /* AnimateTableUITests.xctest */ = {isa = PBXFileReference; explicitFileType = wrapper.cfbundle; includeInIndex = 0; path = AnimateTableUITests.xctest; sourceTree = BUILT_PRODUCTS_DIR; };
		3074B1591FA801DD0046B6C7 /* _th_of_30__Oct_31___AnimateTableUITests.swift */ = {isa = PBXFileReference; lastKnownFileType = sourcecode.swift; path = "_th_of_30__Oct_31___AnimateTableUITests.swift"; sourceTree = "<group>"; };
		3074B15B1FA801DD0046B6C7 /* Info.plist */ = {isa = PBXFileReference; lastKnownFileType = text.plist.xml; path = Info.plist; sourceTree = "<group>"; };
		3074B1671FA809910046B6C7 /* AnimateTableVC.swift */ = {isa = PBXFileReference; fileEncoding = 4; lastKnownFileType = sourcecode.swift; path = AnimateTableVC.swift; sourceTree = "<group>"; };
/* End PBXFileReference section */

/* Begin PBXFrameworksBuildPhase section */
		3074B1331FA801DD0046B6C7 /* Frameworks */ = {
			isa = PBXFrameworksBuildPhase;
			buildActionMask = 2147483647;
			files = (
			);
			runOnlyForDeploymentPostprocessing = 0;
		};
		3074B1471FA801DD0046B6C7 /* Frameworks */ = {
			isa = PBXFrameworksBuildPhase;
			buildActionMask = 2147483647;
			files = (
			);
			runOnlyForDeploymentPostprocessing = 0;
		};
		3074B1521FA801DD0046B6C7 /* Frameworks */ = {
			isa = PBXFrameworksBuildPhase;
			buildActionMask = 2147483647;
			files = (
			);
			runOnlyForDeploymentPostprocessing = 0;
		};
/* End PBXFrameworksBuildPhase section */

/* Begin PBXGroup section */
		3074B12D1FA801DD0046B6C7 = {
			isa = PBXGroup;
			children = (
				3074B1381FA801DD0046B6C7 /* AnimateTable */,
				3074B14D1FA801DD0046B6C7 /* AnimateTableTests */,
				3074B1581FA801DD0046B6C7 /* AnimateTableUITests */,
				3074B1371FA801DD0046B6C7 /* Products */,
			);
			sourceTree = "<group>";
		};
		3074B1371FA801DD0046B6C7 /* Products */ = {
			isa = PBXGroup;
			children = (
				3074B1361FA801DD0046B6C7 /* AnimateTable.app */,
				3074B14A1FA801DD0046B6C7 /* AnimateTableTests.xctest */,
				3074B1551FA801DD0046B6C7 /* AnimateTableUITests.xctest */,
			);
			name = Products;
			sourceTree = "<group>";
		};
		3074B1381FA801DD0046B6C7 /* AnimateTable */ = {
			isa = PBXGroup;
			children = (
				3074B1391FA801DD0046B6C7 /* AppDelegate.swift */,
				3074B13D1FA801DD0046B6C7 /* Main.storyboard */,
				3074B1671FA809910046B6C7 /* AnimateTableVC.swift */,
				3074B13B1FA801DD0046B6C7 /* ViewController.swift */,
				3074B1401FA801DD0046B6C7 /* Assets.xcassets */,
				3074B1421FA801DD0046B6C7 /* LaunchScreen.storyboard */,
				3074B1451FA801DD0046B6C7 /* Info.plist */,
			);
			path = AnimateTable;
			sourceTree = "<group>";
		};
		3074B14D1FA801DD0046B6C7 /* AnimateTableTests */ = {
			isa = PBXGroup;
			children = (
				3074B14E1FA801DD0046B6C7 /* _th_of_30__Oct_31___AnimateTableTests.swift */,
				3074B1501FA801DD0046B6C7 /* Info.plist */,
			);
			path = AnimateTableTests;
			sourceTree = "<group>";
		};
		3074B1581FA801DD0046B6C7 /* AnimateTableUITests */ = {
			isa = PBXGroup;
			children = (
				3074B1591FA801DD0046B6C7 /* _th_of_30__Oct_31___AnimateTableUITests.swift */,
				3074B15B1FA801DD0046B6C7 /* Info.plist */,
			);
			path = AnimateTableUITests;
			sourceTree = "<group>";
		};
/* End PBXGroup section */

/* Begin PBXNativeTarget section */
		3074B1351FA801DD0046B6C7 /* AnimateTable */ = {
			isa = PBXNativeTarget;
			buildConfigurationList = 3074B15E1FA801DD0046B6C7 /* Build configuration list for PBXNativeTarget "AnimateTable" */;
			buildPhases = (
				3074B1321FA801DD0046B6C7 /* Sources */,
				3074B1331FA801DD0046B6C7 /* Frameworks */,
				3074B1341FA801DD0046B6C7 /* Resources */,
			);
			buildRules = (
			);
			dependencies = (
			);
			name = AnimateTable;
			productName = "9th of 30: Oct 31 - AnimateTable";
			productReference = 3074B1361FA801DD0046B6C7 /* AnimateTable.app */;
			productType = "com.apple.product-type.application";
		};
		3074B1491FA801DD0046B6C7 /* AnimateTableTests */ = {
			isa = PBXNativeTarget;
			buildConfigurationList = 3074B1611FA801DD0046B6C7 /* Build configuration list for PBXNativeTarget "AnimateTableTests" */;
			buildPhases = (
				3074B1461FA801DD0046B6C7 /* Sources */,
				3074B1471FA801DD0046B6C7 /* Frameworks */,
				3074B1481FA801DD0046B6C7 /* Resources */,
			);
			buildRules = (
			);
			dependencies = (
				3074B14C1FA801DD0046B6C7 /* PBXTargetDependency */,
			);
			name = AnimateTableTests;
			productName = "9th of 30: Oct 31 - AnimateTableTests";
			productReference = 3074B14A1FA801DD0046B6C7 /* AnimateTableTests.xctest */;
			productType = "com.apple.product-type.bundle.unit-test";
		};
		3074B1541FA801DD0046B6C7 /* AnimateTableUITests */ = {
			isa = PBXNativeTarget;
			buildConfigurationList = 3074B1641FA801DD0046B6C7 /* Build configuration list for PBXNativeTarget "AnimateTableUITests" */;
			buildPhases = (
				3074B1511FA801DD0046B6C7 /* Sources */,
				3074B1521FA801DD0046B6C7 /* Frameworks */,
				3074B1531FA801DD0046B6C7 /* Resources */,
			);
			buildRules = (
			);
			dependencies = (
				3074B1571FA801DD0046B6C7 /* PBXTargetDependency */,
			);
			name = AnimateTableUITests;
			productName = "9th of 30: Oct 31 - AnimateTableUITests";
			productReference = 3074B1551FA801DD0046B6C7 /* AnimateTableUITests.xctest */;
			productType = "com.apple.product-type.bundle.ui-testing";
		};
/* End PBXNativeTarget section */

/* Begin PBXProject section */
		3074B12E1FA801DD0046B6C7 /* Project object */ = {
			isa = PBXProject;
			attributes = {
				LastSwiftUpdateCheck = 0810;
				LastUpgradeCheck = 0810;
				ORGANIZATIONNAME = serfusE;
				TargetAttributes = {
					3074B1351FA801DD0046B6C7 = {
						CreatedOnToolsVersion = 8.1;
						ProvisioningStyle = Automatic;
					};
					3074B1491FA801DD0046B6C7 = {
						CreatedOnToolsVersion = 8.1;
						ProvisioningStyle = Automatic;
						TestTargetID = 3074B1351FA801DD0046B6C7;
					};
					3074B1541FA801DD0046B6C7 = {
						CreatedOnToolsVersion = 8.1;
						ProvisioningStyle = Automatic;
						TestTargetID = 3074B1351FA801DD0046B6C7;
					};
				};
			};
			buildConfigurationList = 3074B1311FA801DD0046B6C7 /* Build configuration list for PBXProject "AnimateTable" */;
			compatibilityVersion = "Xcode 3.2";
			developmentRegion = English;
			hasScannedForEncodings = 0;
			knownRegions = (
				en,
				Base,
			);
			mainGroup = 3074B12D1FA801DD0046B6C7;
			productRefGroup = 3074B1371FA801DD0046B6C7 /* Products */;
			projectDirPath = "";
			projectRoot = "";
			targets = (
				3074B1351FA801DD0046B6C7 /* AnimateTable */,
				3074B1491FA801DD0046B6C7 /* AnimateTableTests */,
				3074B1541FA801DD0046B6C7 /* AnimateTableUITests */,
			);
		};
/* End PBXProject section */

/* Begin PBXResourcesBuildPhase section */
		3074B1341FA801DD0046B6C7 /* Resources */ = {
			isa = PBXResourcesBuildPhase;
			buildActionMask = 2147483647;
			files = (
				3074B1441FA801DD0046B6C7 /* LaunchScreen.storyboard in Resources */,
				3074B1411FA801DD0046B6C7 /* Assets.xcassets in Resources */,
				3074B13F1FA801DD0046B6C7 /* Main.storyboard in Resources */,
			);
			runOnlyForDeploymentPostprocessing = 0;
		};
		3074B1481FA801DD0046B6C7 /* Resources */ = {
			isa = PBXResourcesBuildPhase;
			buildActionMask = 2147483647;
			files = (
			);
			runOnlyForDeploymentPostprocessing = 0;
		};
		3074B1531FA801DD0046B6C7 /* Resources */ = {
			isa = PBXResourcesBuildPhase;
			buildActionMask = 2147483647;
			files = (
			);
			runOnlyForDeploymentPostprocessing = 0;
		};
/* End PBXResourcesBuildPhase section */

/* Begin PBXSourcesBuildPhase section */
		3074B1321FA801DD0046B6C7 /* Sources */ = {
			isa = PBXSourcesBuildPhase;
			buildActionMask = 2147483647;
			files = (
				3074B13C1FA801DD0046B6C7 /* ViewController.swift in Sources */,
				3074B13A1FA801DD0046B6C7 /* AppDelegate.swift in Sources */,
				3074B1681FA809910046B6C7 /* AnimateTableVC.swift in Sources */,
			);
			runOnlyForDeploymentPostprocessing = 0;
		};
		3074B1461FA801DD0046B6C7 /* Sources */ = {
			isa = PBXSourcesBuildPhase;
			buildActionMask = 2147483647;
			files = (
				3074B14F1FA801DD0046B6C7 /* _th_of_30__Oct_31___AnimateTableTests.swift in Sources */,
			);
			runOnlyForDeploymentPostprocessing = 0;
		};
		3074B1511FA801DD0046B6C7 /* Sources */ = {
			isa = PBXSourcesBuildPhase;
			buildActionMask = 2147483647;
			files = (
				3074B15A1FA801DD0046B6C7 /* _th_of_30__Oct_31___AnimateTableUITests.swift in Sources */,
			);
			runOnlyForDeploymentPostprocessing = 0;
		};
/* End PBXSourcesBuildPhase section */

/* Begin PBXTargetDependency section */
		3074B14C1FA801DD0046B6C7 /* PBXTargetDependency */ = {
			isa = PBXTargetDependency;
			target = 3074B1351FA801DD0046B6C7 /* AnimateTable */;
			targetProxy = 3074B14B1FA801DD0046B6C7 /* PBXContainerItemProxy */;
		};
		3074B1571FA801DD0046B6C7 /* PBXTargetDependency */ = {
			isa = PBXTargetDependency;
			target = 3074B1351FA801DD0046B6C7 /* AnimateTable */;
			targetProxy = 3074B1561FA801DD0046B6C7 /* PBXContainerItemProxy */;
		};
/* End PBXTargetDependency section */

/* Begin PBXVariantGroup section */
		3074B13D1FA801DD0046B6C7 /* Main.storyboard */ = {
			isa = PBXVariantGroup;
			children = (
				3074B13E1FA801DD0046B6C7 /* Base */,
			);
			name = Main.storyboard;
			sourceTree = "<group>";
		};
		3074B1421FA801DD0046B6C7 /* LaunchScreen.storyboard */ = {
			isa = PBXVariantGroup;
			children = (
				3074B1431FA801DD0046B6C7 /* Base */,
			);
			name = LaunchScreen.storyboard;
			sourceTree = "<group>";
		};
/* End PBXVariantGroup section */

/* Begin XCBuildConfiguration section */
		3074B15C1FA801DD0046B6C7 /* Debug */ = {
			isa = XCBuildConfiguration;
			buildSettings = {
				ALWAYS_SEARCH_USER_PATHS = NO;
				CLANG_ANALYZER_NONNULL = YES;
				CLANG_CXX_LANGUAGE_STANDARD = "gnu++0x";
				CLANG_CXX_LIBRARY = "libc++";
				CLANG_ENABLE_MODULES = YES;
				CLANG_ENABLE_OBJC_ARC = YES;
				CLANG_WARN_BOOL_CONVERSION = YES;
				CLANG_WARN_CONSTANT_CONVERSION = YES;
				CLANG_WARN_DIRECT_OBJC_ISA_USAGE = YES_ERROR;
				CLANG_WARN_DOCUMENTATION_COMMENTS = YES;
				CLANG_WARN_EMPTY_BODY = YES;
				CLANG_WARN_ENUM_CONVERSION = YES;
				CLANG_WARN_INFINITE_RECURSION = YES;
				CLANG_WARN_INT_CONVERSION = YES;
				CLANG_WARN_OBJC_ROOT_CLASS = YES_ERROR;
				CLANG_WARN_SUSPICIOUS_MOVES = YES;
				CLANG_WARN_UNREACHABLE_CODE = YES;
				CLANG_WARN__DUPLICATE_METHOD_MATCH = YES;
				"CODE_SIGN_IDENTITY[sdk=iphoneos*]" = "iPhone Developer";
				COPY_PHASE_STRIP = NO;
				DEBUG_INFORMATION_FORMAT = dwarf;
				ENABLE_STRICT_OBJC_MSGSEND = YES;
				ENABLE_TESTABILITY = YES;
				GCC_C_LANGUAGE_STANDARD = gnu99;
				GCC_DYNAMIC_NO_PIC = NO;
				GCC_NO_COMMON_BLOCKS = YES;
				GCC_OPTIMIZATION_LEVEL = 0;
				GCC_PREPROCESSOR_DEFINITIONS = (
					"DEBUG=1",
					"$(inherited)",
				);
				GCC_WARN_64_TO_32_BIT_CONVERSION = YES;
				GCC_WARN_ABOUT_RETURN_TYPE = YES_ERROR;
				GCC_WARN_UNDECLARED_SELECTOR = YES;
				GCC_WARN_UNINITIALIZED_AUTOS = YES_AGGRESSIVE;
				GCC_WARN_UNUSED_FUNCTION = YES;
				GCC_WARN_UNUSED_VARIABLE = YES;
				IPHONEOS_DEPLOYMENT_TARGET = 10.1;
				MTL_ENABLE_DEBUG_INFO = YES;
				ONLY_ACTIVE_ARCH = YES;
				SDKROOT = iphoneos;
				SWIFT_ACTIVE_COMPILATION_CONDITIONS = DEBUG;
				SWIFT_OPTIMIZATION_LEVEL = "-Onone";
				TARGETED_DEVICE_FAMILY = "1,2";
			};
			name = Debug;
		};
		3074B15D1FA801DD0046B6C7 /* Release */ = {
			isa = XCBuildConfiguration;
			buildSettings = {
				ALWAYS_SEARCH_USER_PATHS = NO;
				CLANG_ANALYZER_NONNULL = YES;
				CLANG_CXX_LANGUAGE_STANDARD = "gnu++0x";
				CLANG_CXX_LIBRARY = "libc++";
				CLANG_ENABLE_MODULES = YES;
				CLANG_ENABLE_OBJC_ARC = YES;
				CLANG_WARN_BOOL_CONVERSION = YES;
				CLANG_WARN_CONSTANT_CONVERSION = YES;
				CLANG_WARN_DIRECT_OBJC_ISA_USAGE = YES_ERROR;
				CLANG_WARN_DOCUMENTATION_COMMENTS = YES;
				CLANG_WARN_EMPTY_BODY = YES;
				CLANG_WARN_ENUM_CONVERSION = YES;
				CLANG_WARN_INFINITE_RECURSION = YES;
				CLANG_WARN_INT_CONVERSION = YES;
				CLANG_WARN_OBJC_ROOT_CLASS = YES_ERROR;
				CLANG_WARN_SUSPICIOUS_MOVES = YES;
				CLANG_WARN_UNREACHABLE_CODE = YES;
				CLANG_WARN__DUPLICATE_METHOD_MATCH = YES;
				"CODE_SIGN_IDENTITY[sdk=iphoneos*]" = "iPhone Developer";
				COPY_PHASE_STRIP = NO;
				DEBUG_INFORMATION_FORMAT = "dwarf-with-dsym";
				ENABLE_NS_ASSERTIONS = NO;
				ENABLE_STRICT_OBJC_MSGSEND = YES;
				GCC_C_LANGUAGE_STANDARD = gnu99;
				GCC_NO_COMMON_BLOCKS = YES;
				GCC_WARN_64_TO_32_BIT_CONVERSION = YES;
				GCC_WARN_ABOUT_RETURN_TYPE = YES_ERROR;
				GCC_WARN_UNDECLARED_SELECTOR = YES;
				GCC_WARN_UNINITIALIZED_AUTOS = YES_AGGRESSIVE;
				GCC_WARN_UNUSED_FUNCTION = YES;
				GCC_WARN_UNUSED_VARIABLE = YES;
				IPHONEOS_DEPLOYMENT_TARGET = 10.1;
				MTL_ENABLE_DEBUG_INFO = NO;
				SDKROOT = iphoneos;
				SWIFT_OPTIMIZATION_LEVEL = "-Owholemodule";
				TARGETED_DEVICE_FAMILY = "1,2";
				VALIDATE_PRODUCT = YES;
			};
			name = Release;
		};
		3074B15F1FA801DD0046B6C7 /* Debug */ = {
			isa = XCBuildConfiguration;
			buildSettings = {
				ASSETCATALOG_COMPILER_APPICON_NAME = AppIcon;
				INFOPLIST_FILE = AnimateTable/Info.plist;
				LD_RUNPATH_SEARCH_PATHS = "$(inherited) @executable_path/Frameworks";
				PRODUCT_BUNDLE_IDENTIFIER = AnimateTable;
				PRODUCT_NAME = "$(TARGET_NAME)";
				SWIFT_VERSION = 3.0;
			};
			name = Debug;
		};
		3074B1601FA801DD0046B6C7 /* Release */ = {
			isa = XCBuildConfiguration;
			buildSettings = {
				ASSETCATALOG_COMPILER_APPICON_NAME = AppIcon;
				INFOPLIST_FILE = AnimateTable/Info.plist;
				LD_RUNPATH_SEARCH_PATHS = "$(inherited) @executable_path/Frameworks";
				PRODUCT_BUNDLE_IDENTIFIER = AnimateTable;
				PRODUCT_NAME = "$(TARGET_NAME)";
				SWIFT_VERSION = 3.0;
			};
			name = Release;
		};
		3074B1621FA801DD0046B6C7 /* Debug */ = {
			isa = XCBuildConfiguration;
			buildSettings = {
				ALWAYS_EMBED_SWIFT_STANDARD_LIBRARIES = YES;
				BUNDLE_LOADER = "$(TEST_HOST)";
				INFOPLIST_FILE = "9th of 30: Oct 31 - AnimateTableTests/Info.plist";
				LD_RUNPATH_SEARCH_PATHS = "$(inherited) @executable_path/Frameworks @loader_path/Frameworks";
				PRODUCT_BUNDLE_IDENTIFIER = "serfusE.-th-of-30--Oct-31---AnimateTableTests";
				PRODUCT_NAME = "$(TARGET_NAME)";
				SWIFT_VERSION = 3.0;
				TEST_HOST = "$(BUILT_PRODUCTS_DIR)/AnimateTable.app/AnimateTable";
			};
			name = Debug;
		};
		3074B1631FA801DD0046B6C7 /* Release */ = {
			isa = XCBuildConfiguration;
			buildSettings = {
				ALWAYS_EMBED_SWIFT_STANDARD_LIBRARIES = YES;
				BUNDLE_LOADER = "$(TEST_HOST)";
				INFOPLIST_FILE = "9th of 30: Oct 31 - AnimateTableTests/Info.plist";
				LD_RUNPATH_SEARCH_PATHS = "$(inherited) @executable_path/Frameworks @loader_path/Frameworks";
				PRODUCT_BUNDLE_IDENTIFIER = "serfusE.-th-of-30--Oct-31---AnimateTableTests";
				PRODUCT_NAME = "$(TARGET_NAME)";
				SWIFT_VERSION = 3.0;
				TEST_HOST = "$(BUILT_PRODUCTS_DIR)/AnimateTable.app/AnimateTable";
			};
			name = Release;
		};
		3074B1651FA801DD0046B6C7 /* Debug */ = {
			isa = XCBuildConfiguration;
			buildSettings = {
				ALWAYS_EMBED_SWIFT_STANDARD_LIBRARIES = YES;
				INFOPLIST_FILE = "9th of 30: Oct 31 - AnimateTableUITests/Info.plist";
				LD_RUNPATH_SEARCH_PATHS = "$(inherited) @executable_path/Frameworks @loader_path/Frameworks";
				PRODUCT_BUNDLE_IDENTIFIER = "serfusE.-th-of-30--Oct-31---AnimateTableUITests";
				PRODUCT_NAME = "$(TARGET_NAME)";
				SWIFT_VERSION = 3.0;
				TEST_TARGET_NAME = "9th of 30: Oct 31 - AnimateTable";
			};
			name = Debug;
		};
		3074B1661FA801DD0046B6C7 /* Release */ = {
			isa = XCBuildConfiguration;
			buildSettings = {
				ALWAYS_EMBED_SWIFT_STANDARD_LIBRARIES = YES;
				INFOPLIST_FILE = "9th of 30: Oct 31 - AnimateTableUITests/Info.plist";
				LD_RUNPATH_SEARCH_PATHS = "$(inherited) @executable_path/Frameworks @loader_path/Frameworks";
				PRODUCT_BUNDLE_IDENTIFIER = "serfusE.-th-of-30--Oct-31---AnimateTableUITests";
				PRODUCT_NAME = "$(TARGET_NAME)";
				SWIFT_VERSION = 3.0;
				TEST_TARGET_NAME = "9th of 30: Oct 31 - AnimateTable";
			};
			name = Release;
		};
/* End XCBuildConfiguration section */

/* Begin XCConfigurationList section */
		3074B1311FA801DD0046B6C7 /* Build configuration list for PBXProject "AnimateTable" */ = {
			isa = XCConfigurationList;
			buildConfigurations = (
				3074B15C1FA801DD0046B6C7 /* Debug */,
				3074B15D1FA801DD0046B6C7 /* Release */,
			);
			defaultConfigurationIsVisible = 0;
			defaultConfigurationName = Release;
		};
		3074B15E1FA801DD0046B6C7 /* Build configuration list for PBXNativeTarget "AnimateTable" */ = {
			isa = XCConfigurationList;
			buildConfigurations = (
				3074B15F1FA801DD0046B6C7 /* Debug */,
				3074B1601FA801DD0046B6C7 /* Release */,
			);
			defaultConfigurationIsVisible = 0;
			defaultConfigurationName = Release;
		};
		3074B1611FA801DD0046B6C7 /* Build configuration list for PBXNativeTarget "AnimateTableTests" */ = {
			isa = XCConfigurationList;
			buildConfigurations = (
				3074B1621FA801DD0046B6C7 /* Debug */,
				3074B1631FA801DD0046B6C7 /* Release */,
			);
			defaultConfigurationIsVisible = 0;
			defaultConfigurationName = Release;
		};
		3074B1641FA801DD0046B6C7 /* Build configuration list for PBXNativeTarget "AnimateTableUITests" */ = {
			isa = XCConfigurationList;
			buildConfigurations = (
				3074B1651FA801DD0046B6C7 /* Debug */,
				3074B1661FA801DD0046B6C7 /* Release */,
			);
			defaultConfigurationIsVisible = 0;
			defaultConfigurationName = Release;
		};
/* End XCConfigurationList section */
	};
	rootObject = 3074B12E1FA801DD0046B6C7 /* Project object */;
}
