// !$*UTF8*$!
{
	archiveVersion = 1;
	classes = {
	};
	objectVersion = 46;
	objects = {

/* Begin PBXBuildFile section */
		303411691FA45CE00064512A /* AppDelegate.swift in Sources */ = {isa = PBXBuildFile; fileRef = 303411681FA45CE00064512A /* AppDelegate.swift */; };
		3034116B1FA45CE00064512A /* ViewController.swift in Sources */ = {isa = PBXBuildFile; fileRef = 3034116A1FA45CE00064512A /* ViewController.swift */; };
		3034116E1FA45CE00064512A /* Main.storyboard in Resources */ = {isa = PBXBuildFile; fileRef = 3034116C1FA45CE00064512A /* Main.storyboard */; };
		303411701FA45CE00064512A /* Assets.xcassets in Resources */ = {isa = PBXBuildFile; fileRef = 3034116F1FA45CE00064512A /* Assets.xcassets */; };
		303411731FA45CE00064512A /* LaunchScreen.storyboard in Resources */ = {isa = PBXBuildFile; fileRef = 303411711FA45CE00064512A /* LaunchScreen.storyboard */; };
		3034117E1FA45CE00064512A /* _th_of_30__Oct_28___LoginAnimationTests.swift in Sources */ = {isa = PBXBuildFile; fileRef = 3034117D1FA45CE00064512A /* _th_of_30__Oct_28___LoginAnimationTests.swift */; };
		303411891FA45CE00064512A /* _th_of_30__Oct_28___LoginAnimationUITests.swift in Sources */ = {isa = PBXBuildFile; fileRef = 303411881FA45CE00064512A /* _th_of_30__Oct_28___LoginAnimationUITests.swift */; };
		303411971FA45D530064512A /* PromptViewController.swift in Sources */ = {isa = PBXBuildFile; fileRef = 303411961FA45D530064512A /* PromptViewController.swift */; };
/* End PBXBuildFile section */

/* Begin PBXContainerItemProxy section */
		3034117A1FA45CE00064512A /* PBXContainerItemProxy */ = {
			isa = PBXContainerItemProxy;
			containerPortal = 3034115D1FA45CE00064512A /* Project object */;
			proxyType = 1;
			remoteGlobalIDString = 303411641FA45CE00064512A;
			remoteInfo = "8th of 30: Oct 28 - LoginAnimation";
		};
		303411851FA45CE00064512A /* PBXContainerItemProxy */ = {
			isa = PBXContainerItemProxy;
			containerPortal = 3034115D1FA45CE00064512A /* Project object */;
			proxyType = 1;
			remoteGlobalIDString = 303411641FA45CE00064512A;
			remoteInfo = "8th of 30: Oct 28 - LoginAnimation";
		};
/* End PBXContainerItemProxy section */

/* Begin PBXFileReference section */
		303411651FA45CE00064512A /* LoginAnimation.app */ = {isa = PBXFileReference; explicitFileType = wrapper.application; includeInIndex = 0; path = LoginAnimation.app; sourceTree = BUILT_PRODUCTS_DIR; };
		303411681FA45CE00064512A /* AppDelegate.swift */ = {isa = PBXFileReference; lastKnownFileType = sourcecode.swift; path = AppDelegate.swift; sourceTree = "<group>"; };
		3034116A1FA45CE00064512A /* ViewController.swift */ = {isa = PBXFileReference; lastKnownFileType = sourcecode.swift; path = ViewController.swift; sourceTree = "<group>"; };
		3034116D1FA45CE00064512A /* Base */ = {isa = PBXFileReference; lastKnownFileType = file.storyboard; name = Base; path = Base.lproj/Main.storyboard; sourceTree = "<group>"; };
		3034116F1FA45CE00064512A /* Assets.xcassets */ = {isa = PBXFileReference; lastKnownFileType = folder.assetcatalog; path = Assets.xcassets; sourceTree = "<group>"; };
		303411721FA45CE00064512A /* Base */ = {isa = PBXFileReference; lastKnownFileType = file.storyboard; name = Base; path = Base.lproj/LaunchScreen.storyboard; sourceTree = "<group>"; };
		303411741FA45CE00064512A /* Info.plist */ = {isa = PBXFileReference; lastKnownFileType = text.plist.xml; path = Info.plist; sourceTree = "<group>"; };
		303411791FA45CE00064512A /* LoginAnimationTests.xctest */ = {isa = PBXFileReference; explicitFileType = wrapper.cfbundle; includeInIndex = 0; path = LoginAnimationTests.xctest; sourceTree = BUILT_PRODUCTS_DIR; };
		3034117D1FA45CE00064512A /* _th_of_30__Oct_28___LoginAnimationTests.swift */ = {isa = PBXFileReference; lastKnownFileType = sourcecode.swift; path = "_th_of_30__Oct_28___LoginAnimationTests.swift"; sourceTree = "<group>"; };
		3034117F1FA45CE00064512A /* Info.plist */ = {isa = PBXFileReference; lastKnownFileType = text.plist.xml; path = Info.plist; sourceTree = "<group>"; };
		303411841FA45CE00064512A /* LoginAnimationUITests.xctest */ = {isa = PBXFileReference; explicitFileType = wrapper.cfbundle; includeInIndex = 0; path = LoginAnimationUITests.xctest; sourceTree = BUILT_PRODUCTS_DIR; };
		303411881FA45CE00064512A /* _th_of_30__Oct_28___LoginAnimationUITests.swift */ = {isa = PBXFileReference; lastKnownFileType = sourcecode.swift; path = "_th_of_30__Oct_28___LoginAnimationUITests.swift"; sourceTree = "<group>"; };
		3034118A1FA45CE00064512A /* Info.plist */ = {isa = PBXFileReference; lastKnownFileType = text.plist.xml; path = Info.plist; sourceTree = "<group>"; };
		303411961FA45D530064512A /* PromptViewController.swift */ = {isa = PBXFileReference; fileEncoding = 4; lastKnownFileType = sourcecode.swift; path = PromptViewController.swift; sourceTree = "<group>"; };
/* End PBXFileReference section */

/* Begin PBXFrameworksBuildPhase section */
		303411621FA45CE00064512A /* Frameworks */ = {
			isa = PBXFrameworksBuildPhase;
			buildActionMask = 2147483647;
			files = (
			);
			runOnlyForDeploymentPostprocessing = 0;
		};
		303411761FA45CE00064512A /* Frameworks */ = {
			isa = PBXFrameworksBuildPhase;
			buildActionMask = 2147483647;
			files = (
			);
			runOnlyForDeploymentPostprocessing = 0;
		};
		303411811FA45CE00064512A /* Frameworks */ = {
			isa = PBXFrameworksBuildPhase;
			buildActionMask = 2147483647;
			files = (
			);
			runOnlyForDeploymentPostprocessing = 0;
		};
/* End PBXFrameworksBuildPhase section */

/* Begin PBXGroup section */
		3034115C1FA45CE00064512A = {
			isa = PBXGroup;
			children = (
				303411671FA45CE00064512A /* LoginAnimation */,
				3034117C1FA45CE00064512A /* LoginAnimationTests */,
				303411871FA45CE00064512A /* LoginAnimationUITests */,
				303411661FA45CE00064512A /* Products */,
			);
			sourceTree = "<group>";
		};
		303411661FA45CE00064512A /* Products */ = {
			isa = PBXGroup;
			children = (
				303411651FA45CE00064512A /* LoginAnimation.app */,
				303411791FA45CE00064512A /* LoginAnimationTests.xctest */,
				303411841FA45CE00064512A /* LoginAnimationUITests.xctest */,
			);
			name = Products;
			sourceTree = "<group>";
		};
		303411671FA45CE00064512A /* LoginAnimation */ = {
			isa = PBXGroup;
			children = (
				303411681FA45CE00064512A /* AppDelegate.swift */,
				303411961FA45D530064512A /* PromptViewController.swift */,
				3034116A1FA45CE00064512A /* ViewController.swift */,
				3034116C1FA45CE00064512A /* Main.storyboard */,
				3034116F1FA45CE00064512A /* Assets.xcassets */,
				303411711FA45CE00064512A /* LaunchScreen.storyboard */,
				303411741FA45CE00064512A /* Info.plist */,
			);
			path = LoginAnimation;
			sourceTree = "<group>";
		};
		3034117C1FA45CE00064512A /* LoginAnimationTests */ = {
			isa = PBXGroup;
			children = (
				3034117D1FA45CE00064512A /* _th_of_30__Oct_28___LoginAnimationTests.swift */,
				3034117F1FA45CE00064512A /* Info.plist */,
			);
			path = LoginAnimationTests;
			sourceTree = "<group>";
		};
		303411871FA45CE00064512A /* LoginAnimationUITests */ = {
			isa = PBXGroup;
			children = (
				303411881FA45CE00064512A /* _th_of_30__Oct_28___LoginAnimationUITests.swift */,
				3034118A1FA45CE00064512A /* Info.plist */,
			);
			path = LoginAnimationUITests;
			sourceTree = "<group>";
		};
/* End PBXGroup section */

/* Begin PBXNativeTarget section */
		303411641FA45CE00064512A /* LoginAnimation */ = {
			isa = PBXNativeTarget;
			buildConfigurationList = 3034118D1FA45CE00064512A /* Build configuration list for PBXNativeTarget "LoginAnimation" */;
			buildPhases = (
				303411611FA45CE00064512A /* Sources */,
				303411621FA45CE00064512A /* Frameworks */,
				303411631FA45CE00064512A /* Resources */,
			);
			buildRules = (
			);
			dependencies = (
			);
			name = LoginAnimation;
			productName = "8th of 30: Oct 28 - LoginAnimation";
			productReference = 303411651FA45CE00064512A /* LoginAnimation.app */;
			productType = "com.apple.product-type.application";
		};
		303411781FA45CE00064512A /* LoginAnimationTests */ = {
			isa = PBXNativeTarget;
			buildConfigurationList = 303411901FA45CE00064512A /* Build configuration list for PBXNativeTarget "LoginAnimationTests" */;
			buildPhases = (
				303411751FA45CE00064512A /* Sources */,
				303411761FA45CE00064512A /* Frameworks */,
				303411771FA45CE00064512A /* Resources */,
			);
			buildRules = (
			);
			dependencies = (
				3034117B1FA45CE00064512A /* PBXTargetDependency */,
			);
			name = LoginAnimationTests;
			productName = "8th of 30: Oct 28 - LoginAnimationTests";
			productReference = 303411791FA45CE00064512A /* LoginAnimationTests.xctest */;
			productType = "com.apple.product-type.bundle.unit-test";
		};
		303411831FA45CE00064512A /* LoginAnimationUITests */ = {
			isa = PBXNativeTarget;
			buildConfigurationList = 303411931FA45CE00064512A /* Build configuration list for PBXNativeTarget "LoginAnimationUITests" */;
			buildPhases = (
				303411801FA45CE00064512A /* Sources */,
				303411811FA45CE00064512A /* Frameworks */,
				303411821FA45CE00064512A /* Resources */,
			);
			buildRules = (
			);
			dependencies = (
				303411861FA45CE00064512A /* PBXTargetDependency */,
			);
			name = LoginAnimationUITests;
			productName = "8th of 30: Oct 28 - LoginAnimationUITests";
			productReference = 303411841FA45CE00064512A /* LoginAnimationUITests.xctest */;
			productType = "com.apple.product-type.bundle.ui-testing";
		};
/* End PBXNativeTarget section */

/* Begin PBXProject section */
		3034115D1FA45CE00064512A /* Project object */ = {
			isa = PBXProject;
			attributes = {
				LastSwiftUpdateCheck = 0810;
				LastUpgradeCheck = 0810;
				ORGANIZATIONNAME = serfusE;
				TargetAttributes = {
					303411641FA45CE00064512A = {
						CreatedOnToolsVersion = 8.1;
						ProvisioningStyle = Automatic;
					};
					303411781FA45CE00064512A = {
						CreatedOnToolsVersion = 8.1;
						ProvisioningStyle = Automatic;
						TestTargetID = 303411641FA45CE00064512A;
					};
					303411831FA45CE00064512A = {
						CreatedOnToolsVersion = 8.1;
						ProvisioningStyle = Automatic;
						TestTargetID = 303411641FA45CE00064512A;
					};
				};
			};
			buildConfigurationList = 303411601FA45CE00064512A /* Build configuration list for PBXProject "LoginAnimation" */;
			compatibilityVersion = "Xcode 3.2";
			developmentRegion = English;
			hasScannedForEncodings = 0;
			knownRegions = (
				en,
				Base,
			);
			mainGroup = 3034115C1FA45CE00064512A;
			productRefGroup = 303411661FA45CE00064512A /* Products */;
			projectDirPath = "";
			projectRoot = "";
			targets = (
				303411641FA45CE00064512A /* LoginAnimation */,
				303411781FA45CE00064512A /* LoginAnimationTests */,
				303411831FA45CE00064512A /* LoginAnimationUITests */,
			);
		};
/* End PBXProject section */

/* Begin PBXResourcesBuildPhase section */
		303411631FA45CE00064512A /* Resources */ = {
			isa = PBXResourcesBuildPhase;
			buildActionMask = 2147483647;
			files = (
				303411731FA45CE00064512A /* LaunchScreen.storyboard in Resources */,
				303411701FA45CE00064512A /* Assets.xcassets in Resources */,
				3034116E1FA45CE00064512A /* Main.storyboard in Resources */,
			);
			runOnlyForDeploymentPostprocessing = 0;
		};
		303411771FA45CE00064512A /* Resources */ = {
			isa = PBXResourcesBuildPhase;
			buildActionMask = 2147483647;
			files = (
			);
			runOnlyForDeploymentPostprocessing = 0;
		};
		303411821FA45CE00064512A /* Resources */ = {
			isa = PBXResourcesBuildPhase;
			buildActionMask = 2147483647;
			files = (
			);
			runOnlyForDeploymentPostprocessing = 0;
		};
/* End PBXResourcesBuildPhase section */

/* Begin PBXSourcesBuildPhase section */
		303411611FA45CE00064512A /* Sources */ = {
			isa = PBXSourcesBuildPhase;
			buildActionMask = 2147483647;
			files = (
				303411971FA45D530064512A /* PromptViewController.swift in Sources */,
				3034116B1FA45CE00064512A /* ViewController.swift in Sources */,
				303411691FA45CE00064512A /* AppDelegate.swift in Sources */,
			);
			runOnlyForDeploymentPostprocessing = 0;
		};
		303411751FA45CE00064512A /* Sources */ = {
			isa = PBXSourcesBuildPhase;
			buildActionMask = 2147483647;
			files = (
				3034117E1FA45CE00064512A /* _th_of_30__Oct_28___LoginAnimationTests.swift in Sources */,
			);
			runOnlyForDeploymentPostprocessing = 0;
		};
		303411801FA45CE00064512A /* Sources */ = {
			isa = PBXSourcesBuildPhase;
			buildActionMask = 2147483647;
			files = (
				303411891FA45CE00064512A /* _th_of_30__Oct_28___LoginAnimationUITests.swift in Sources */,
			);
			runOnlyForDeploymentPostprocessing = 0;
		};
/* End PBXSourcesBuildPhase section */

/* Begin PBXTargetDependency section */
		3034117B1FA45CE00064512A /* PBXTargetDependency */ = {
			isa = PBXTargetDependency;
			target = 303411641FA45CE00064512A /* LoginAnimation */;
			targetProxy = 3034117A1FA45CE00064512A /* PBXContainerItemProxy */;
		};
		303411861FA45CE00064512A /* PBXTargetDependency */ = {
			isa = PBXTargetDependency;
			target = 303411641FA45CE00064512A /* LoginAnimation */;
			targetProxy = 303411851FA45CE00064512A /* PBXContainerItemProxy */;
		};
/* End PBXTargetDependency section */

/* Begin PBXVariantGroup section */
		3034116C1FA45CE00064512A /* Main.storyboard */ = {
			isa = PBXVariantGroup;
			children = (
				3034116D1FA45CE00064512A /* Base */,
			);
			name = Main.storyboard;
			sourceTree = "<group>";
		};
		303411711FA45CE00064512A /* LaunchScreen.storyboard */ = {
			isa = PBXVariantGroup;
			children = (
				303411721FA45CE00064512A /* Base */,
			);
			name = LaunchScreen.storyboard;
			sourceTree = "<group>";
		};
/* End PBXVariantGroup section */

/* Begin XCBuildConfiguration section */
		3034118B1FA45CE00064512A /* Debug */ = {
			isa = XCBuildConfiguration;
			buildSettings = {
				ALWAYS_SEARCH_USER_PATHS = NO;
				CLANG_ANALYZER_NONNULL = YES;
				CLANG_CXX_LANGUAGE_STANDARD = "gnu++0x";
				CLANG_CXX_LIBRARY = "libc++";
				CLANG_ENABLE_MODULES = YES;
				CLANG_ENABLE_OBJC_ARC = YES;
				CLANG_WARN_BOOL_CONVERSION = YES;
				CLANG_WARN_CONSTANT_CONVERSION = YES;
				CLANG_WARN_DIRECT_OBJC_ISA_USAGE = YES_ERROR;
				CLANG_WARN_DOCUMENTATION_COMMENTS = YES;
				CLANG_WARN_EMPTY_BODY = YES;
				CLANG_WARN_ENUM_CONVERSION = YES;
				CLANG_WARN_INFINITE_RECURSION = YES;
				CLANG_WARN_INT_CONVERSION = YES;
				CLANG_WARN_OBJC_ROOT_CLASS = YES_ERROR;
				CLANG_WARN_SUSPICIOUS_MOVES = YES;
				CLANG_WARN_UNREACHABLE_CODE = YES;
				CLANG_WARN__DUPLICATE_METHOD_MATCH = YES;
				"CODE_SIGN_IDENTITY[sdk=iphoneos*]" = "iPhone Developer";
				COPY_PHASE_STRIP = NO;
				DEBUG_INFORMATION_FORMAT = dwarf;
				ENABLE_STRICT_OBJC_MSGSEND = YES;
				ENABLE_TESTABILITY = YES;
				GCC_C_LANGUAGE_STANDARD = gnu99;
				GCC_DYNAMIC_NO_PIC = NO;
				GCC_NO_COMMON_BLOCKS = YES;
				GCC_OPTIMIZATION_LEVEL = 0;
				GCC_PREPROCESSOR_DEFINITIONS = (
					"DEBUG=1",
					"$(inherited)",
				);
				GCC_WARN_64_TO_32_BIT_CONVERSION = YES;
				GCC_WARN_ABOUT_RETURN_TYPE = YES_ERROR;
				GCC_WARN_UNDECLARED_SELECTOR = YES;
				GCC_WARN_UNINITIALIZED_AUTOS = YES_AGGRESSIVE;
				GCC_WARN_UNUSED_FUNCTION = YES;
				GCC_WARN_UNUSED_VARIABLE = YES;
				IPHONEOS_DEPLOYMENT_TARGET = 10.1;
				MTL_ENABLE_DEBUG_INFO = YES;
				ONLY_ACTIVE_ARCH = YES;
				SDKROOT = iphoneos;
				SWIFT_ACTIVE_COMPILATION_CONDITIONS = DEBUG;
				SWIFT_OPTIMIZATION_LEVEL = "-Onone";
				TARGETED_DEVICE_FAMILY = "1,2";
			};
			name = Debug;
		};
		3034118C1FA45CE00064512A /* Release */ = {
			isa = XCBuildConfiguration;
			buildSettings = {
				ALWAYS_SEARCH_USER_PATHS = NO;
				CLANG_ANALYZER_NONNULL = YES;
				CLANG_CXX_LANGUAGE_STANDARD = "gnu++0x";
				CLANG_CXX_LIBRARY = "libc++";
				CLANG_ENABLE_MODULES = YES;
				CLANG_ENABLE_OBJC_ARC = YES;
				CLANG_WARN_BOOL_CONVERSION = YES;
				CLANG_WARN_CONSTANT_CONVERSION = YES;
				CLANG_WARN_DIRECT_OBJC_ISA_USAGE = YES_ERROR;
				CLANG_WARN_DOCUMENTATION_COMMENTS = YES;
				CLANG_WARN_EMPTY_BODY = YES;
				CLANG_WARN_ENUM_CONVERSION = YES;
				CLANG_WARN_INFINITE_RECURSION = YES;
				CLANG_WARN_INT_CONVERSION = YES;
				CLANG_WARN_OBJC_ROOT_CLASS = YES_ERROR;
				CLANG_WARN_SUSPICIOUS_MOVES = YES;
				CLANG_WARN_UNREACHABLE_CODE = YES;
				CLANG_WARN__DUPLICATE_METHOD_MATCH = YES;
				"CODE_SIGN_IDENTITY[sdk=iphoneos*]" = "iPhone Developer";
				COPY_PHASE_STRIP = NO;
				DEBUG_INFORMATION_FORMAT = "dwarf-with-dsym";
				ENABLE_NS_ASSERTIONS = NO;
				ENABLE_STRICT_OBJC_MSGSEND = YES;
				GCC_C_LANGUAGE_STANDARD = gnu99;
				GCC_NO_COMMON_BLOCKS = YES;
				GCC_WARN_64_TO_32_BIT_CONVERSION = YES;
				GCC_WARN_ABOUT_RETURN_TYPE = YES_ERROR;
				GCC_WARN_UNDECLARED_SELECTOR = YES;
				GCC_WARN_UNINITIALIZED_AUTOS = YES_AGGRESSIVE;
				GCC_WARN_UNUSED_FUNCTION = YES;
				GCC_WARN_UNUSED_VARIABLE = YES;
				IPHONEOS_DEPLOYMENT_TARGET = 10.1;
				MTL_ENABLE_DEBUG_INFO = NO;
				SDKROOT = iphoneos;
				SWIFT_OPTIMIZATION_LEVEL = "-Owholemodule";
				TARGETED_DEVICE_FAMILY = "1,2";
				VALIDATE_PRODUCT = YES;
			};
			name = Release;
		};
		3034118E1FA45CE00064512A /* Debug */ = {
			isa = XCBuildConfiguration;
			buildSettings = {
				ASSETCATALOG_COMPILER_APPICON_NAME = AppIcon;
				INFOPLIST_FILE = LoginAnimation/Info.plist;
				LD_RUNPATH_SEARCH_PATHS = "$(inherited) @executable_path/Frameworks";
				PRODUCT_BUNDLE_IDENTIFIER = LoginAnimation;
				PRODUCT_NAME = "$(TARGET_NAME)";
				SWIFT_VERSION = 3.0;
			};
			name = Debug;
		};
		3034118F1FA45CE00064512A /* Release */ = {
			isa = XCBuildConfiguration;
			buildSettings = {
				ASSETCATALOG_COMPILER_APPICON_NAME = AppIcon;
				INFOPLIST_FILE = LoginAnimation/Info.plist;
				LD_RUNPATH_SEARCH_PATHS = "$(inherited) @executable_path/Frameworks";
				PRODUCT_BUNDLE_IDENTIFIER = LoginAnimation;
				PRODUCT_NAME = "$(TARGET_NAME)";
				SWIFT_VERSION = 3.0;
			};
			name = Release;
		};
		303411911FA45CE00064512A /* Debug */ = {
			isa = XCBuildConfiguration;
			buildSettings = {
				ALWAYS_EMBED_SWIFT_STANDARD_LIBRARIES = YES;
				BUNDLE_LOADER = "$(TEST_HOST)";
				INFOPLIST_FILE = "8th of 30: Oct 28 - LoginAnimationTests/Info.plist";
				LD_RUNPATH_SEARCH_PATHS = "$(inherited) @executable_path/Frameworks @loader_path/Frameworks";
				PRODUCT_BUNDLE_IDENTIFIER = "serfusE.-th-of-30--Oct-28---LoginAnimationTests";
				PRODUCT_NAME = "$(TARGET_NAME)";
				SWIFT_VERSION = 3.0;
				TEST_HOST = "$(BUILT_PRODUCTS_DIR)/LoginAnimation.app/LoginAnimation";
			};
			name = Debug;
		};
		303411921FA45CE00064512A /* Release */ = {
			isa = XCBuildConfiguration;
			buildSettings = {
				ALWAYS_EMBED_SWIFT_STANDARD_LIBRARIES = YES;
				BUNDLE_LOADER = "$(TEST_HOST)";
				INFOPLIST_FILE = "8th of 30: Oct 28 - LoginAnimationTests/Info.plist";
				LD_RUNPATH_SEARCH_PATHS = "$(inherited) @executable_path/Frameworks @loader_path/Frameworks";
				PRODUCT_BUNDLE_IDENTIFIER = "serfusE.-th-of-30--Oct-28---LoginAnimationTests";
				PRODUCT_NAME = "$(TARGET_NAME)";
				SWIFT_VERSION = 3.0;
				TEST_HOST = "$(BUILT_PRODUCTS_DIR)/LoginAnimation.app/LoginAnimation";
			};
			name = Release;
		};
		303411941FA45CE00064512A /* Debug */ = {
			isa = XCBuildConfiguration;
			buildSettings = {
				ALWAYS_EMBED_SWIFT_STANDARD_LIBRARIES = YES;
				INFOPLIST_FILE = "8th of 30: Oct 28 - LoginAnimationUITests/Info.plist";
				LD_RUNPATH_SEARCH_PATHS = "$(inherited) @executable_path/Frameworks @loader_path/Frameworks";
				PRODUCT_BUNDLE_IDENTIFIER = "serfusE.-th-of-30--Oct-28---LoginAnimationUITests";
				PRODUCT_NAME = "$(TARGET_NAME)";
				SWIFT_VERSION = 3.0;
				TEST_TARGET_NAME = "8th of 30: Oct 28 - LoginAnimation";
			};
			name = Debug;
		};
		303411951FA45CE00064512A /* Release */ = {
			isa = XCBuildConfiguration;
			buildSettings = {
				ALWAYS_EMBED_SWIFT_STANDARD_LIBRARIES = YES;
				INFOPLIST_FILE = "8th of 30: Oct 28 - LoginAnimationUITests/Info.plist";
				LD_RUNPATH_SEARCH_PATHS = "$(inherited) @executable_path/Frameworks @loader_path/Frameworks";
				PRODUCT_BUNDLE_IDENTIFIER = "serfusE.-th-of-30--Oct-28---LoginAnimationUITests";
				PRODUCT_NAME = "$(TARGET_NAME)";
				SWIFT_VERSION = 3.0;
				TEST_TARGET_NAME = "8th of 30: Oct 28 - LoginAnimation";
			};
			name = Release;
		};
/* End XCBuildConfiguration section */

/* Begin XCConfigurationList section */
		303411601FA45CE00064512A /* Build configuration list for PBXProject "LoginAnimation" */ = {
			isa = XCConfigurationList;
			buildConfigurations = (
				3034118B1FA45CE00064512A /* Debug */,
				3034118C1FA45CE00064512A /* Release */,
			);
			defaultConfigurationIsVisible = 0;
			defaultConfigurationName = Release;
		};
		3034118D1FA45CE00064512A /* Build configuration list for PBXNativeTarget "LoginAnimation" */ = {
			isa = XCConfigurationList;
			buildConfigurations = (
				3034118E1FA45CE00064512A /* Debug */,
				3034118F1FA45CE00064512A /* Release */,
			);
			defaultConfigurationIsVisible = 0;
			defaultConfigurationName = Release;
		};
		303411901FA45CE00064512A /* Build configuration list for PBXNativeTarget "LoginAnimationTests" */ = {
			isa = XCConfigurationList;
			buildConfigurations = (
				303411911FA45CE00064512A /* Debug */,
				303411921FA45CE00064512A /* Release */,
			);
			defaultConfigurationIsVisible = 0;
			defaultConfigurationName = Release;
		};
		303411931FA45CE00064512A /* Build configuration list for PBXNativeTarget "LoginAnimationUITests" */ = {
			isa = XCConfigurationList;
			buildConfigurations = (
				303411941FA45CE00064512A /* Debug */,
				303411951FA45CE00064512A /* Release */,
			);
			defaultConfigurationIsVisible = 0;
			defaultConfigurationName = Release;
		};
/* End XCConfigurationList section */
	};
	rootObject = 3034115D1FA45CE00064512A /* Project object */;
}
